Microsoft Visual Studio Solution File, Format Version 12.00
# Visual Studio Version 16
VisualStudioVersion = 16.0.33027.164
MinimumVisualStudioVersion = 10.0.40219.1
Project("{FAE04EC0-301F-11D3-BF4B-00C04F79EFBC}") = "Amvar.Vision.vs2019.net472", "src\Amvar.Vision\Amvar.Vision.vs2019.net472.csproj", "{354610A8-2452-4E52-AF62-0480CDAB5898}"
EndProject
Project("{FAE04EC0-301F-11D3-BF4B-00C04F79EFBC}") = "AMVision.Console.vs2019.net472", "apps\AMVision.Console\AMVision.Console.vs2019.net472.csproj", "{698998BA-02FE-4EFC-AE66-CD6D6A63060F}"
	ProjectSection(ProjectDependencies) = postProject
		{354610A8-2452-4E52-AF62-0480CDAB5898} = {354610A8-2452-4E52-AF62-0480CDAB5898}
	EndProjectSection
EndProject
Global
	GlobalSection(SolutionConfigurationPlatforms) = preSolution
		Debug|x64 = Debug|x64
		Release|x64 = Release|x64
	EndGlobalSection
	GlobalSection(ProjectConfigurationPlatforms) = postSolution
		{354610A8-2452-4E52-AF62-0480CDAB5898}.Debug|x64.ActiveCfg = Debug|x64
		{354610A8-2452-4E52-AF62-0480CDAB5898}.Debug|x64.Build.0 = Debug|x64
		{354610A8-2452-4E52-AF62-0480CDAB5898}.Release|x64.ActiveCfg = Release|x64
		{354610A8-2452-4E52-AF62-0480CDAB5898}.Release|x64.Build.0 = Release|x64
		{698998BA-02FE-4EFC-AE66-CD6D6A63060F}.Debug|x64.ActiveCfg = Debug|x64
		{698998BA-02FE-4EFC-AE66-CD6D6A63060F}.Debug|x64.Build.0 = Debug|x64
		{698998BA-02FE-4EFC-AE66-CD6D6A63060F}.Release|x64.ActiveCfg = Release|x64
		{698998BA-02FE-4EFC-AE66-CD6D6A63060F}.Release|x64.Build.0 = Release|x64
	EndGlobalSection
	GlobalSection(SolutionProperties) = preSolution
		HideSolutionNode = FALSE
	EndGlobalSection
	GlobalSection(ExtensibilityGlobals) = postSolution
		SolutionGuid = {E1A6D262-6BC6-4CFC-8219-FFCE9FF2A1D6}
	EndGlobalSection
EndGlobal
