
Microsoft Visual Studio Solution File, Format Version 12.00
# Visual Studio Version 16
VisualStudioVersion = 16.0.37327.17
MinimumVisualStudioVersion = 10.0.40219.1
Project("{FAE04EC0-301F-11D3-BF4B-00C04F79EFBC}") = "Amvision.Workflows.vs2019.net461", "Amvision.Workflows.vs2019.net461.csproj", "{9E1D83B4-836C-47E3-B23C-F1D35CC4B461}"
EndProject
Global
	GlobalSection(SolutionConfigurationPlatforms) = preSolution
		Debug|Any CPU = Debug|Any CPU
		Release|Any CPU = Release|Any CPU
	EndGlobalSection
	GlobalSection(ProjectConfigurationPlatforms) = postSolution
		{9E1D83B4-836C-47E3-B23C-F1D35CC4B461}.Debug|Any CPU.ActiveCfg = Debug|Any CPU
		{9E1D83B4-836C-47E3-B23C-F1D35CC4B461}.Debug|Any CPU.Build.0 = Debug|Any CPU
		{9E1D83B4-836C-47E3-B23C-F1D35CC4B461}.Release|Any CPU.ActiveCfg = Release|Any CPU
		{9E1D83B4-836C-47E3-B23C-F1D35CC4B461}.Release|Any CPU.Build.0 = Release|Any CPU
	EndGlobalSection
	GlobalSection(SolutionProperties) = preSolution
		HideSolutionNode = FALSE
	EndGlobalSection
	GlobalSection(ExtensibilityGlobals) = postSolution
		SolutionGuid = {81FBA2E6-52B8-43F9-9568-C157F8F5D3C9}
	EndGlobalSection
EndGlobal
